
Microsoft Visual Studio Solution File, Format Version 12.00
# Visual Studio Version 16
VisualStudioVersion = 16.0.29326.143
MinimumVisualStudioVersion = 10.0.40219.1
Project("{9A19103F-16F7-4668-BE54-9A1E7A4F7556}") = "ToDoList", "ToDoList.csproj", "{B328C534-59F8-4C48-AE8D-3404934087BA}"
EndProject
Project("{FAE04EC0-301F-11D3-BF4B-00C04F79EFBC}") = "ToDoListTest", "..\ToDoListTest\ToDoListTest.csproj", "{46853C98-F52E-4E39-B727-95A40DB20E1F}"
EndProject
Global
	GlobalSection(SolutionConfigurationPlatforms) = preSolution
		Debug|Any CPU = Debug|Any CPU
		Release|Any CPU = Release|Any CPU
	EndGlobalSection
	GlobalSection(ProjectConfigurationPlatforms) = postSolution
		{B328C534-59F8-4C48-AE8D-3404934087BA}.Debug|Any CPU.ActiveCfg = Debug|Any CPU
		{B328C534-59F8-4C48-AE8D-3404934087BA}.Debug|Any CPU.Build.0 = Debug|Any CPU
		{B328C534-59F8-4C48-AE8D-3404934087BA}.Release|Any CPU.ActiveCfg = Release|Any CPU
		{B328C534-59F8-4C48-AE8D-3404934087BA}.Release|Any CPU.Build.0 = Release|Any CPU
		{46853C98-F52E-4E39-B727-95A40DB20E1F}.Debug|Any CPU.ActiveCfg = Debug|Any CPU
		{46853C98-F52E-4E39-B727-95A40DB20E1F}.Debug|Any CPU.Build.0 = Debug|Any CPU
		{46853C98-F52E-4E39-B727-95A40DB20E1F}.Release|Any CPU.ActiveCfg = Release|Any CPU
		{46853C98-F52E-4E39-B727-95A40DB20E1F}.Release|Any CPU.Build.0 = Release|Any CPU
	EndGlobalSection
	GlobalSection(SolutionProperties) = preSolution
		HideSolutionNode = FALSE
	EndGlobalSection
	GlobalSection(ExtensibilityGlobals) = postSolution
		SolutionGuid = {4605EDE5-2F3C-4EDF-AC30-A7415C937876}
	EndGlobalSection
EndGlobal
